
Microsoft Visual Studio Solution File, Format Version 12.00
# Visual Studio 15
VisualStudioVersion = 15.0.26403.7
MinimumVisualStudioVersion = 10.0.40219.1
Project("{FAE04EC0-301F-11D3-BF4B-00C04F79EFBC}") = "WombatGH", "WombatGH.csproj", "{276F930A-730E-4536-A0EE-94DE752FB4AD}"
EndProject
Global
	GlobalSection(SolutionConfigurationPlatforms) = preSolution
		Debug|x64 = Debug|x64
		Release|x64 = Release|x64
	EndGlobalSection
	GlobalSection(ProjectConfigurationPlatforms) = postSolution
		{276F930A-730E-4536-A0EE-94DE752FB4AD}.Debug|x64.ActiveCfg = Debug64|x64
		{276F930A-730E-4536-A0EE-94DE752FB4AD}.Debug|x64.Build.0 = Debug64|x64
		{276F930A-730E-4536-A0EE-94DE752FB4AD}.Release|x64.ActiveCfg = Debug64|x64
		{276F930A-730E-4536-A0EE-94DE752FB4AD}.Release|x64.Build.0 = Debug64|x64
	EndGlobalSection
	GlobalSection(SolutionProperties) = preSolution
		HideSolutionNode = FALSE
	EndGlobalSection
	GlobalSection(ExtensibilityGlobals) = postSolution
		SolutionGuid = {FF87EA91-2C93-4CFC-935E-AF2855C4BEFE}
	EndGlobalSection
EndGlobal
